
Microsoft Visual Studio Solution File, Format Version 12.00
# Visual Studio Version 17
VisualStudioVersion = 17.7.34221.43
MinimumVisualStudioVersion = 10.0.40219.1
Project("{9A19103F-16F7-4668-BE54-9A1E7A4F7556}") = "G21097711", "BuildingController.cs\G21097711.csproj", "{1AFC0FF6-E80B-4B58-AE09-146F8DE9AEB5}"
EndProject
Project("{9A19103F-16F7-4668-BE54-9A1E7A4F7556}") = "BuildingControllerTest", "BuildingControllerTest\BuildingControllerTest.csproj", "{3D9C86F5-7342-4DE8-99BE-E0F3E8C25EA4}"
EndProject
Global
	GlobalSection(SolutionConfigurationPlatforms) = preSolution
		Debug|Any CPU = Debug|Any CPU
		Release|Any CPU = Release|Any CPU
	EndGlobalSection
	GlobalSection(ProjectConfigurationPlatforms) = postSolution
		{1AFC0FF6-E80B-4B58-AE09-146F8DE9AEB5}.Debug|Any CPU.ActiveCfg = Debug|Any CPU
		{1AFC0FF6-E80B-4B58-AE09-146F8DE9AEB5}.Debug|Any CPU.Build.0 = Debug|Any CPU
		{1AFC0FF6-E80B-4B58-AE09-146F8DE9AEB5}.Release|Any CPU.ActiveCfg = Release|Any CPU
		{1AFC0FF6-E80B-4B58-AE09-146F8DE9AEB5}.Release|Any CPU.Build.0 = Release|Any CPU
		{3D9C86F5-7342-4DE8-99BE-E0F3E8C25EA4}.Debug|Any CPU.ActiveCfg = Debug|Any CPU
		{3D9C86F5-7342-4DE8-99BE-E0F3E8C25EA4}.Debug|Any CPU.Build.0 = Debug|Any CPU
		{3D9C86F5-7342-4DE8-99BE-E0F3E8C25EA4}.Release|Any CPU.ActiveCfg = Release|Any CPU
		{3D9C86F5-7342-4DE8-99BE-E0F3E8C25EA4}.Release|Any CPU.Build.0 = Release|Any CPU
	EndGlobalSection
	GlobalSection(SolutionProperties) = preSolution
		HideSolutionNode = FALSE
	EndGlobalSection
	GlobalSection(ExtensibilityGlobals) = postSolution
		SolutionGuid = {08C12AAA-C344-4F5D-824B-07E6CCC57F39}
	EndGlobalSection
EndGlobal
