
Microsoft Visual Studio Solution File, Format Version 12.00
# Visual Studio Version 17
VisualStudioVersion = 17.7.34221.43
MinimumVisualStudioVersion = 10.0.40219.1
Project("{FAE04EC0-301F-11D3-BF4B-00C04F79EFBC}") = "G21097711", "BuildingController.cs\G21097711.csproj", "{1AFC0FF6-E80B-4B58-AE09-146F8DE9AEB5}"
EndProject
Global
	GlobalSection(SolutionConfigurationPlatforms) = preSolution
		Debug|Any CPU = Debug|Any CPU
		Release|Any CPU = Release|Any CPU
	EndGlobalSection
	GlobalSection(ProjectConfigurationPlatforms) = postSolution
		{1AFC0FF6-E80B-4B58-AE09-146F8DE9AEB5}.Debug|Any CPU.ActiveCfg = Debug|Any CPU
		{1AFC0FF6-E80B-4B58-AE09-146F8DE9AEB5}.Debug|Any CPU.Build.0 = Debug|Any CPU
		{1AFC0FF6-E80B-4B58-AE09-146F8DE9AEB5}.Release|Any CPU.ActiveCfg = Release|Any CPU
		{1AFC0FF6-E80B-4B58-AE09-146F8DE9AEB5}.Release|Any CPU.Build.0 = Release|Any CPU
	EndGlobalSection
	GlobalSection(SolutionProperties) = preSolution
		HideSolutionNode = FALSE
	EndGlobalSection
	GlobalSection(ExtensibilityGlobals) = postSolution
		SolutionGuid = {08C12AAA-C344-4F5D-824B-07E6CCC57F39}
	EndGlobalSection
EndGlobal
